
Microsoft Visual Studio Solution File, Format Version 12.00
# Visual Studio Version 17
VisualStudioVersion = 17.4.33205.214
MinimumVisualStudioVersion = 10.0.40219.1
Project("{FAE04EC0-301F-11D3-BF4B-00C04F79EFBC}") = "ParkingApplication", "ParkingApplication\ParkingApplication.csproj", "{39F3CC56-42AB-41FE-B99E-DE5537D8D714}"
EndProject
Global
	GlobalSection(SolutionConfigurationPlatforms) = preSolution
		Debug|Any CPU = Debug|Any CPU
		Release|Any CPU = Release|Any CPU
	EndGlobalSection
	GlobalSection(ProjectConfigurationPlatforms) = postSolution
		{39F3CC56-42AB-41FE-B99E-DE5537D8D714}.Debug|Any CPU.ActiveCfg = Debug|Any CPU
		{39F3CC56-42AB-41FE-B99E-DE5537D8D714}.Debug|Any CPU.Build.0 = Debug|Any CPU
		{39F3CC56-42AB-41FE-B99E-DE5537D8D714}.Release|Any CPU.ActiveCfg = Release|Any CPU
		{39F3CC56-42AB-41FE-B99E-DE5537D8D714}.Release|Any CPU.Build.0 = Release|Any CPU
	EndGlobalSection
	GlobalSection(SolutionProperties) = preSolution
		HideSolutionNode = FALSE
	EndGlobalSection
	GlobalSection(ExtensibilityGlobals) = postSolution
		SolutionGuid = {AB4C5607-5E85-4A71-980A-88F8996E1720}
	EndGlobalSection
EndGlobal
